
Microsoft Visual Studio Solution File, Format Version 12.00
# Visual Studio Version 17
VisualStudioVersion = 17.9.34622.214
MinimumVisualStudioVersion = 10.0.40219.1
Project("{9A19103F-16F7-4668-BE54-9A1E7A4F7556}") = "concurrent_programming", "concurrent_programming\concurrent_programming.csproj", "{47EA6AD2-A875-4992-B22F-135D893488B7}"
EndProject
Project("{FAE04EC0-301F-11D3-BF4B-00C04F79EFBC}") = "TestProject1", "TestProject1\TestProject1.csproj", "{54934CD3-AF89-4EDA-B26D-6AB17ADEE92A}"
EndProject
Global
	GlobalSection(SolutionConfigurationPlatforms) = preSolution
		Debug|Any CPU = Debug|Any CPU
		Release|Any CPU = Release|Any CPU
	EndGlobalSection
	GlobalSection(ProjectConfigurationPlatforms) = postSolution
		{47EA6AD2-A875-4992-B22F-135D893488B7}.Debug|Any CPU.ActiveCfg = Debug|Any CPU
		{47EA6AD2-A875-4992-B22F-135D893488B7}.Debug|Any CPU.Build.0 = Debug|Any CPU
		{47EA6AD2-A875-4992-B22F-135D893488B7}.Release|Any CPU.ActiveCfg = Release|Any CPU
		{47EA6AD2-A875-4992-B22F-135D893488B7}.Release|Any CPU.Build.0 = Release|Any CPU
		{54934CD3-AF89-4EDA-B26D-6AB17ADEE92A}.Debug|Any CPU.ActiveCfg = Debug|Any CPU
		{54934CD3-AF89-4EDA-B26D-6AB17ADEE92A}.Debug|Any CPU.Build.0 = Debug|Any CPU
		{54934CD3-AF89-4EDA-B26D-6AB17ADEE92A}.Release|Any CPU.ActiveCfg = Release|Any CPU
		{54934CD3-AF89-4EDA-B26D-6AB17ADEE92A}.Release|Any CPU.Build.0 = Release|Any CPU
	EndGlobalSection
	GlobalSection(SolutionProperties) = preSolution
		HideSolutionNode = FALSE
	EndGlobalSection
	GlobalSection(ExtensibilityGlobals) = postSolution
		SolutionGuid = {04CBDE78-751B-4F04-A872-784DD8EF8AF6}
	EndGlobalSection
EndGlobal
